// !$*UTF8*$!
{
	archiveVersion = 1;
	classes = {
	};
	objectVersion = 46;
	objects = {

/* Begin PBXBuildFile section */
		6131977715DE95A000B9C0ED /* OrdersTableViewController.m in Sources */ = {isa = PBXBuildFile; fileRef = 6131977615DE95A000B9C0ED /* OrdersTableViewController.m */; };
		6131977B15DE968F00B9C0ED /* OrdersTableViewCell.m in Sources */ = {isa = PBXBuildFile; fileRef = 6131977A15DE968F00B9C0ED /* OrdersTableViewCell.m */; };
		6145C08015DD685800074537 /* Order.m in Sources */ = {isa = PBXBuildFile; fileRef = 6145C07F15DD685800074537 /* Order.m */; };
		6145C08915DD777700074537 /* OrderStore.m in Sources */ = {isa = PBXBuildFile; fileRef = 6145C08815DD777700074537 /* OrderStore.m */; };
		6145C0BA15DE790F00074537 /* TicketsTableViewController.m in Sources */ = {isa = PBXBuildFile; fileRef = 6145C0B915DE790F00074537 /* TicketsTableViewController.m */; };
		6145C0C215DE7AFB00074537 /* TicketsTableViewCell.m in Sources */ = {isa = PBXBuildFile; fileRef = 6145C0C115DE7AFB00074537 /* TicketsTableViewCell.m */; };
		614DD55815DFB7B400464577 /* AudioToolbox.framework in Frameworks */ = {isa = PBXBuildFile; fileRef = 614DD55715DFB7B400464577 /* AudioToolbox.framework */; };
		614DD55B15DFBB7500464577 /* BarScannerViewController.m in Sources */ = {isa = PBXBuildFile; fileRef = 614DD55A15DFBB7500464577 /* BarScannerViewController.m */; };
		61E0650A15E7B74500BEAA0A /* APIManager.m in Sources */ = {isa = PBXBuildFile; fileRef = 61E0650915E7B74500BEAA0A /* APIManager.m */; };
		61E0650E15E7C74B00BEAA0A /* APIRequest.m in Sources */ = {isa = PBXBuildFile; fileRef = 61E0650D15E7C74B00BEAA0A /* APIRequest.m */; };
		61E0656715F016AC00BEAA0A /* NSAlert+MKNetworkKitAdditions.m in Sources */ = {isa = PBXBuildFile; fileRef = 61E0655415F016AC00BEAA0A /* NSAlert+MKNetworkKitAdditions.m */; };
		61E0656815F016AC00BEAA0A /* NSData+Base64.m in Sources */ = {isa = PBXBuildFile; fileRef = 61E0655615F016AC00BEAA0A /* NSData+Base64.m */; };
		61E0656915F016AC00BEAA0A /* NSDate+RFC1123.m in Sources */ = {isa = PBXBuildFile; fileRef = 61E0655815F016AC00BEAA0A /* NSDate+RFC1123.m */; };
		61E0656A15F016AC00BEAA0A /* NSDictionary+RequestEncoding.m in Sources */ = {isa = PBXBuildFile; fileRef = 61E0655A15F016AC00BEAA0A /* NSDictionary+RequestEncoding.m */; };
		61E0656B15F016AC00BEAA0A /* NSString+MKNetworkKitAdditions.m in Sources */ = {isa = PBXBuildFile; fileRef = 61E0655C15F016AC00BEAA0A /* NSString+MKNetworkKitAdditions.m */; };
		61E0656C15F016AC00BEAA0A /* UIAlertView+MKNetworkKitAdditions.m in Sources */ = {isa = PBXBuildFile; fileRef = 61E0655E15F016AC00BEAA0A /* UIAlertView+MKNetworkKitAdditions.m */; };
		61E0656D15F016AC00BEAA0A /* MKNetworkEngine.m in Sources */ = {isa = PBXBuildFile; fileRef = 61E0656015F016AC00BEAA0A /* MKNetworkEngine.m */; settings = {COMPILER_FLAGS = "-fobjc-arc"; }; };
		61E0656E15F016AC00BEAA0A /* MKNetworkOperation.m in Sources */ = {isa = PBXBuildFile; fileRef = 61E0656315F016AC00BEAA0A /* MKNetworkOperation.m */; settings = {COMPILER_FLAGS = "-fobjc-arc"; }; };
		61E0656F15F016AC00BEAA0A /* Reachability.m in Sources */ = {isa = PBXBuildFile; fileRef = 61E0656615F016AC00BEAA0A /* Reachability.m */; };
		61E0658C15F2432000BEAA0A /* CFNetwork.framework in Frameworks */ = {isa = PBXBuildFile; fileRef = 61E0658B15F2431F00BEAA0A /* CFNetwork.framework */; };
		61E0658E15F2432D00BEAA0A /* SystemConfiguration.framework in Frameworks */ = {isa = PBXBuildFile; fileRef = 61E0658D15F2432D00BEAA0A /* SystemConfiguration.framework */; };
		61E0659015F2433200BEAA0A /* Security.framework in Frameworks */ = {isa = PBXBuildFile; fileRef = 61E0658F15F2433200BEAA0A /* Security.framework */; };
		61EDF735157D1C0B00DD2152 /* UIKit.framework in Frameworks */ = {isa = PBXBuildFile; fileRef = 61EDF734157D1C0B00DD2152 /* UIKit.framework */; };
		61EDF737157D1C0B00DD2152 /* Foundation.framework in Frameworks */ = {isa = PBXBuildFile; fileRef = 61EDF736157D1C0B00DD2152 /* Foundation.framework */; };
		61EDF739157D1C0B00DD2152 /* CoreGraphics.framework in Frameworks */ = {isa = PBXBuildFile; fileRef = 61EDF738157D1C0B00DD2152 /* CoreGraphics.framework */; };
		61EDF741157D1C0C00DD2152 /* main.m in Sources */ = {isa = PBXBuildFile; fileRef = 61EDF740157D1C0C00DD2152 /* main.m */; };
		61EDF745157D1C0C00DD2152 /* AppDelegate.m in Sources */ = {isa = PBXBuildFile; fileRef = 61EDF744157D1C0C00DD2152 /* AppDelegate.m */; };
		61EDF760157D1C6B00DD2152 /* libiconv.dylib in Frameworks */ = {isa = PBXBuildFile; fileRef = 61EDF75F157D1C6B00DD2152 /* libiconv.dylib */; };
		61EDF762157D1C7B00DD2152 /* AVFoundation.framework in Frameworks */ = {isa = PBXBuildFile; fileRef = 61EDF761157D1C7B00DD2152 /* AVFoundation.framework */; };
		61EDF764157D1C8000DD2152 /* CoreMedia.framework in Frameworks */ = {isa = PBXBuildFile; fileRef = 61EDF763157D1C8000DD2152 /* CoreMedia.framework */; };
		61EDF766157D1C8900DD2152 /* CoreVideo.framework in Frameworks */ = {isa = PBXBuildFile; fileRef = 61EDF765157D1C8900DD2152 /* CoreVideo.framework */; };
		61EDF768157D1C9100DD2152 /* QuartzCore.framework in Frameworks */ = {isa = PBXBuildFile; fileRef = 61EDF767157D1C9100DD2152 /* QuartzCore.framework */; };
		61EDF787157D1D4F00DD2152 /* libzbar.a in Frameworks */ = {isa = PBXBuildFile; fileRef = 61EDF781157D1D4F00DD2152 /* libzbar.a */; };
		61EDF7A0157D466500DD2152 /* ScannerViewController.m in Sources */ = {isa = PBXBuildFile; fileRef = 61EDF79E157D466400DD2152 /* ScannerViewController.m */; };
		61EDF7A1157D466500DD2152 /* ScannerViewController.xib in Resources */ = {isa = PBXBuildFile; fileRef = 61EDF79F157D466400DD2152 /* ScannerViewController.xib */; };
		61F01E80157E4847007CF67E /* Ticket.m in Sources */ = {isa = PBXBuildFile; fileRef = 61F01E7F157E4847007CF67E /* Ticket.m */; };
/* End PBXBuildFile section */

/* Begin PBXFileReference section */
		6131977515DE95A000B9C0ED /* OrdersTableViewController.h */ = {isa = PBXFileReference; fileEncoding = 4; lastKnownFileType = sourcecode.c.h; path = OrdersTableViewController.h; sourceTree = "<group>"; };
		6131977615DE95A000B9C0ED /* OrdersTableViewController.m */ = {isa = PBXFileReference; fileEncoding = 4; lastKnownFileType = sourcecode.c.objc; path = OrdersTableViewController.m; sourceTree = "<group>"; };
		6131977915DE968F00B9C0ED /* OrdersTableViewCell.h */ = {isa = PBXFileReference; fileEncoding = 4; lastKnownFileType = sourcecode.c.h; path = OrdersTableViewCell.h; sourceTree = "<group>"; };
		6131977A15DE968F00B9C0ED /* OrdersTableViewCell.m */ = {isa = PBXFileReference; fileEncoding = 4; lastKnownFileType = sourcecode.c.objc; path = OrdersTableViewCell.m; sourceTree = "<group>"; };
		6145C07E15DD685800074537 /* Order.h */ = {isa = PBXFileReference; fileEncoding = 4; lastKnownFileType = sourcecode.c.h; path = Order.h; sourceTree = "<group>"; };
		6145C07F15DD685800074537 /* Order.m */ = {isa = PBXFileReference; fileEncoding = 4; lastKnownFileType = sourcecode.c.objc; path = Order.m; sourceTree = "<group>"; };
		6145C08715DD777700074537 /* OrderStore.h */ = {isa = PBXFileReference; fileEncoding = 4; lastKnownFileType = sourcecode.c.h; path = OrderStore.h; sourceTree = "<group>"; };
		6145C08815DD777700074537 /* OrderStore.m */ = {isa = PBXFileReference; fileEncoding = 4; lastKnownFileType = sourcecode.c.objc; path = OrderStore.m; sourceTree = "<group>"; };
		6145C0B815DE790F00074537 /* TicketsTableViewController.h */ = {isa = PBXFileReference; fileEncoding = 4; lastKnownFileType = sourcecode.c.h; path = TicketsTableViewController.h; sourceTree = "<group>"; };
		6145C0B915DE790F00074537 /* TicketsTableViewController.m */ = {isa = PBXFileReference; fileEncoding = 4; lastKnownFileType = sourcecode.c.objc; path = TicketsTableViewController.m; sourceTree = "<group>"; };
		6145C0C015DE7AFB00074537 /* TicketsTableViewCell.h */ = {isa = PBXFileReference; fileEncoding = 4; lastKnownFileType = sourcecode.c.h; path = TicketsTableViewCell.h; sourceTree = "<group>"; };
		6145C0C115DE7AFB00074537 /* TicketsTableViewCell.m */ = {isa = PBXFileReference; fileEncoding = 4; lastKnownFileType = sourcecode.c.objc; path = TicketsTableViewCell.m; sourceTree = "<group>"; };
		614DD55715DFB7B400464577 /* AudioToolbox.framework */ = {isa = PBXFileReference; lastKnownFileType = wrapper.framework; name = AudioToolbox.framework; path = System/Library/Frameworks/AudioToolbox.framework; sourceTree = SDKROOT; };
		614DD55915DFBB7500464577 /* BarScannerViewController.h */ = {isa = PBXFileReference; fileEncoding = 4; lastKnownFileType = sourcecode.c.h; name = BarScannerViewController.h; path = ../BarScannerViewController.h; sourceTree = "<group>"; };
		614DD55A15DFBB7500464577 /* BarScannerViewController.m */ = {isa = PBXFileReference; fileEncoding = 4; lastKnownFileType = sourcecode.c.objc; name = BarScannerViewController.m; path = ../BarScannerViewController.m; sourceTree = "<group>"; };
		61E0650815E7B74500BEAA0A /* APIManager.h */ = {isa = PBXFileReference; fileEncoding = 4; lastKnownFileType = sourcecode.c.h; path = APIManager.h; sourceTree = "<group>"; };
		61E0650915E7B74500BEAA0A /* APIManager.m */ = {isa = PBXFileReference; fileEncoding = 4; lastKnownFileType = sourcecode.c.objc; path = APIManager.m; sourceTree = "<group>"; };
		61E0650C15E7C74B00BEAA0A /* APIRequest.h */ = {isa = PBXFileReference; fileEncoding = 4; lastKnownFileType = sourcecode.c.h; path = APIRequest.h; sourceTree = "<group>"; };
		61E0650D15E7C74B00BEAA0A /* APIRequest.m */ = {isa = PBXFileReference; fileEncoding = 4; lastKnownFileType = sourcecode.c.objc; path = APIRequest.m; sourceTree = "<group>"; };
		61E0655315F016AC00BEAA0A /* NSAlert+MKNetworkKitAdditions.h */ = {isa = PBXFileReference; fileEncoding = 4; lastKnownFileType = sourcecode.c.h; path = "NSAlert+MKNetworkKitAdditions.h"; sourceTree = "<group>"; };
		61E0655415F016AC00BEAA0A /* NSAlert+MKNetworkKitAdditions.m */ = {isa = PBXFileReference; fileEncoding = 4; lastKnownFileType = sourcecode.c.objc; path = "NSAlert+MKNetworkKitAdditions.m"; sourceTree = "<group>"; };
		61E0655515F016AC00BEAA0A /* NSData+Base64.h */ = {isa = PBXFileReference; fileEncoding = 4; lastKnownFileType = sourcecode.c.h; path = "NSData+Base64.h"; sourceTree = "<group>"; };
		61E0655615F016AC00BEAA0A /* NSData+Base64.m */ = {isa = PBXFileReference; fileEncoding = 4; lastKnownFileType = sourcecode.c.objc; path = "NSData+Base64.m"; sourceTree = "<group>"; };
		61E0655715F016AC00BEAA0A /* NSDate+RFC1123.h */ = {isa = PBXFileReference; fileEncoding = 4; lastKnownFileType = sourcecode.c.h; path = "NSDate+RFC1123.h"; sourceTree = "<group>"; };
		61E0655815F016AC00BEAA0A /* NSDate+RFC1123.m */ = {isa = PBXFileReference; fileEncoding = 4; lastKnownFileType = sourcecode.c.objc; path = "NSDate+RFC1123.m"; sourceTree = "<group>"; };
		61E0655915F016AC00BEAA0A /* NSDictionary+RequestEncoding.h */ = {isa = PBXFileReference; fileEncoding = 4; lastKnownFileType = sourcecode.c.h; path = "NSDictionary+RequestEncoding.h"; sourceTree = "<group>"; };
		61E0655A15F016AC00BEAA0A /* NSDictionary+RequestEncoding.m */ = {isa = PBXFileReference; fileEncoding = 4; lastKnownFileType = sourcecode.c.objc; path = "NSDictionary+RequestEncoding.m"; sourceTree = "<group>"; };
		61E0655B15F016AC00BEAA0A /* NSString+MKNetworkKitAdditions.h */ = {isa = PBXFileReference; fileEncoding = 4; lastKnownFileType = sourcecode.c.h; path = "NSString+MKNetworkKitAdditions.h"; sourceTree = "<group>"; };
		61E0655C15F016AC00BEAA0A /* NSString+MKNetworkKitAdditions.m */ = {isa = PBXFileReference; fileEncoding = 4; lastKnownFileType = sourcecode.c.objc; path = "NSString+MKNetworkKitAdditions.m"; sourceTree = "<group>"; };
		61E0655D15F016AC00BEAA0A /* UIAlertView+MKNetworkKitAdditions.h */ = {isa = PBXFileReference; fileEncoding = 4; lastKnownFileType = sourcecode.c.h; path = "UIAlertView+MKNetworkKitAdditions.h"; sourceTree = "<group>"; };
		61E0655E15F016AC00BEAA0A /* UIAlertView+MKNetworkKitAdditions.m */ = {isa = PBXFileReference; fileEncoding = 4; lastKnownFileType = sourcecode.c.objc; path = "UIAlertView+MKNetworkKitAdditions.m"; sourceTree = "<group>"; };
		61E0655F15F016AC00BEAA0A /* MKNetworkEngine.h */ = {isa = PBXFileReference; fileEncoding = 4; lastKnownFileType = sourcecode.c.h; path = MKNetworkEngine.h; sourceTree = "<group>"; };
		61E0656015F016AC00BEAA0A /* MKNetworkEngine.m */ = {isa = PBXFileReference; fileEncoding = 4; lastKnownFileType = sourcecode.c.objc; path = MKNetworkEngine.m; sourceTree = "<group>"; };
		61E0656115F016AC00BEAA0A /* MKNetworkKit.h */ = {isa = PBXFileReference; fileEncoding = 4; lastKnownFileType = sourcecode.c.h; path = MKNetworkKit.h; sourceTree = "<group>"; };
		61E0656215F016AC00BEAA0A /* MKNetworkOperation.h */ = {isa = PBXFileReference; fileEncoding = 4; lastKnownFileType = sourcecode.c.h; path = MKNetworkOperation.h; sourceTree = "<group>"; };
		61E0656315F016AC00BEAA0A /* MKNetworkOperation.m */ = {isa = PBXFileReference; fileEncoding = 4; lastKnownFileType = sourcecode.c.objc; path = MKNetworkOperation.m; sourceTree = "<group>"; };
		61E0656515F016AC00BEAA0A /* Reachability.h */ = {isa = PBXFileReference; fileEncoding = 4; lastKnownFileType = sourcecode.c.h; path = Reachability.h; sourceTree = "<group>"; };
		61E0656615F016AC00BEAA0A /* Reachability.m */ = {isa = PBXFileReference; fileEncoding = 4; lastKnownFileType = sourcecode.c.objc; path = Reachability.m; sourceTree = "<group>"; };
		61E0658B15F2431F00BEAA0A /* CFNetwork.framework */ = {isa = PBXFileReference; lastKnownFileType = wrapper.framework; name = CFNetwork.framework; path = System/Library/Frameworks/CFNetwork.framework; sourceTree = SDKROOT; };
		61E0658D15F2432D00BEAA0A /* SystemConfiguration.framework */ = {isa = PBXFileReference; lastKnownFileType = wrapper.framework; name = SystemConfiguration.framework; path = System/Library/Frameworks/SystemConfiguration.framework; sourceTree = SDKROOT; };
		61E0658F15F2433200BEAA0A /* Security.framework */ = {isa = PBXFileReference; lastKnownFileType = wrapper.framework; name = Security.framework; path = System/Library/Frameworks/Security.framework; sourceTree = SDKROOT; };
		61EDF730157D1C0B00DD2152 /* FasTcheckout.app */ = {isa = PBXFileReference; explicitFileType = wrapper.application; includeInIndex = 0; path = FasTcheckout.app; sourceTree = BUILT_PRODUCTS_DIR; };
		61EDF734157D1C0B00DD2152 /* UIKit.framework */ = {isa = PBXFileReference; lastKnownFileType = wrapper.framework; name = UIKit.framework; path = System/Library/Frameworks/UIKit.framework; sourceTree = SDKROOT; };
		61EDF736157D1C0B00DD2152 /* Foundation.framework */ = {isa = PBXFileReference; lastKnownFileType = wrapper.framework; name = Foundation.framework; path = System/Library/Frameworks/Foundation.framework; sourceTree = SDKROOT; };
		61EDF738157D1C0B00DD2152 /* CoreGraphics.framework */ = {isa = PBXFileReference; lastKnownFileType = wrapper.framework; name = CoreGraphics.framework; path = System/Library/Frameworks/CoreGraphics.framework; sourceTree = SDKROOT; };
		61EDF73C157D1C0C00DD2152 /* FasTcheckout-Info.plist */ = {isa = PBXFileReference; lastKnownFileType = text.plist.xml; path = "FasTcheckout-Info.plist"; sourceTree = "<group>"; };
		61EDF740157D1C0C00DD2152 /* main.m */ = {isa = PBXFileReference; lastKnownFileType = sourcecode.c.objc; path = main.m; sourceTree = "<group>"; };
		61EDF742157D1C0C00DD2152 /* FasTcheckout-Prefix.pch */ = {isa = PBXFileReference; lastKnownFileType = sourcecode.c.h; path = "FasTcheckout-Prefix.pch"; sourceTree = "<group>"; };
		61EDF743157D1C0C00DD2152 /* AppDelegate.h */ = {isa = PBXFileReference; lastKnownFileType = sourcecode.c.h; path = AppDelegate.h; sourceTree = "<group>"; };
		61EDF744157D1C0C00DD2152 /* AppDelegate.m */ = {isa = PBXFileReference; lastKnownFileType = sourcecode.c.objc; path = AppDelegate.m; sourceTree = "<group>"; };
		61EDF75F157D1C6B00DD2152 /* libiconv.dylib */ = {isa = PBXFileReference; lastKnownFileType = "compiled.mach-o.dylib"; name = libiconv.dylib; path = usr/lib/libiconv.dylib; sourceTree = SDKROOT; };
		61EDF761157D1C7B00DD2152 /* AVFoundation.framework */ = {isa = PBXFileReference; lastKnownFileType = wrapper.framework; name = AVFoundation.framework; path = System/Library/Frameworks/AVFoundation.framework; sourceTree = SDKROOT; };
		61EDF763157D1C8000DD2152 /* CoreMedia.framework */ = {isa = PBXFileReference; lastKnownFileType = wrapper.framework; name = CoreMedia.framework; path = System/Library/Frameworks/CoreMedia.framework; sourceTree = SDKROOT; };
		61EDF765157D1C8900DD2152 /* CoreVideo.framework */ = {isa = PBXFileReference; lastKnownFileType = wrapper.framework; name = CoreVideo.framework; path = System/Library/Frameworks/CoreVideo.framework; sourceTree = SDKROOT; };
		61EDF767157D1C9100DD2152 /* QuartzCore.framework */ = {isa = PBXFileReference; lastKnownFileType = wrapper.framework; name = QuartzCore.framework; path = System/Library/Frameworks/QuartzCore.framework; sourceTree = SDKROOT; };
		61EDF76D157D1D4F00DD2152 /* Decoder.h */ = {isa = PBXFileReference; fileEncoding = 4; lastKnownFileType = sourcecode.c.h; path = Decoder.h; sourceTree = "<group>"; };
		61EDF76E157D1D4F00DD2152 /* Exception.h */ = {isa = PBXFileReference; fileEncoding = 4; lastKnownFileType = sourcecode.c.h; path = Exception.h; sourceTree = "<group>"; };
		61EDF76F157D1D4F00DD2152 /* Image.h */ = {isa = PBXFileReference; fileEncoding = 4; lastKnownFileType = sourcecode.c.h; path = Image.h; sourceTree = "<group>"; };
		61EDF770157D1D4F00DD2152 /* ImageScanner.h */ = {isa = PBXFileReference; fileEncoding = 4; lastKnownFileType = sourcecode.c.h; path = ImageScanner.h; sourceTree = "<group>"; };
		61EDF771157D1D4F00DD2152 /* Processor.h */ = {isa = PBXFileReference; fileEncoding = 4; lastKnownFileType = sourcecode.c.h; path = Processor.h; sourceTree = "<group>"; };
		61EDF772157D1D4F00DD2152 /* Scanner.h */ = {isa = PBXFileReference; fileEncoding = 4; lastKnownFileType = sourcecode.c.h; path = Scanner.h; sourceTree = "<group>"; };
		61EDF773157D1D4F00DD2152 /* Symbol.h */ = {isa = PBXFileReference; fileEncoding = 4; lastKnownFileType = sourcecode.c.h; path = Symbol.h; sourceTree = "<group>"; };
		61EDF774157D1D4F00DD2152 /* Video.h */ = {isa = PBXFileReference; fileEncoding = 4; lastKnownFileType = sourcecode.c.h; path = Video.h; sourceTree = "<group>"; };
		61EDF775157D1D4F00DD2152 /* Window.h */ = {isa = PBXFileReference; fileEncoding = 4; lastKnownFileType = sourcecode.c.h; path = Window.h; sourceTree = "<group>"; };
		61EDF776157D1D4F00DD2152 /* zbar.h */ = {isa = PBXFileReference; fileEncoding = 4; lastKnownFileType = sourcecode.c.h; path = zbar.h; sourceTree = "<group>"; };
		61EDF777157D1D4F00DD2152 /* ZBarCameraSimulator.h */ = {isa = PBXFileReference; fileEncoding = 4; lastKnownFileType = sourcecode.c.h; path = ZBarCameraSimulator.h; sourceTree = "<group>"; };
		61EDF778157D1D4F00DD2152 /* ZBarCaptureReader.h */ = {isa = PBXFileReference; fileEncoding = 4; lastKnownFileType = sourcecode.c.h; path = ZBarCaptureReader.h; sourceTree = "<group>"; };
		61EDF779157D1D4F00DD2152 /* ZBarHelpController.h */ = {isa = PBXFileReference; fileEncoding = 4; lastKnownFileType = sourcecode.c.h; path = ZBarHelpController.h; sourceTree = "<group>"; };
		61EDF77A157D1D4F00DD2152 /* ZBarImage.h */ = {isa = PBXFileReference; fileEncoding = 4; lastKnownFileType = sourcecode.c.h; path = ZBarImage.h; sourceTree = "<group>"; };
		61EDF77B157D1D4F00DD2152 /* ZBarImageScanner.h */ = {isa = PBXFileReference; fileEncoding = 4; lastKnownFileType = sourcecode.c.h; path = ZBarImageScanner.h; sourceTree = "<group>"; };
		61EDF77C157D1D4F00DD2152 /* ZBarReaderController.h */ = {isa = PBXFileReference; fileEncoding = 4; lastKnownFileType = sourcecode.c.h; path = ZBarReaderController.h; sourceTree = "<group>"; };
		61EDF77D157D1D4F00DD2152 /* ZBarReaderView.h */ = {isa = PBXFileReference; fileEncoding = 4; lastKnownFileType = sourcecode.c.h; path = ZBarReaderView.h; sourceTree = "<group>"; };
		61EDF77E157D1D4F00DD2152 /* ZBarReaderViewController.h */ = {isa = PBXFileReference; fileEncoding = 4; lastKnownFileType = sourcecode.c.h; path = ZBarReaderViewController.h; sourceTree = "<group>"; };
		61EDF77F157D1D4F00DD2152 /* ZBarSDK.h */ = {isa = PBXFileReference; fileEncoding = 4; lastKnownFileType = sourcecode.c.h; path = ZBarSDK.h; sourceTree = "<group>"; };
		61EDF780157D1D4F00DD2152 /* ZBarSymbol.h */ = {isa = PBXFileReference; fileEncoding = 4; lastKnownFileType = sourcecode.c.h; path = ZBarSymbol.h; sourceTree = "<group>"; };
		61EDF781157D1D4F00DD2152 /* libzbar.a */ = {isa = PBXFileReference; lastKnownFileType = archive.ar; path = libzbar.a; sourceTree = "<group>"; };
		61EDF79D157D466400DD2152 /* ScannerViewController.h */ = {isa = PBXFileReference; fileEncoding = 4; lastKnownFileType = sourcecode.c.h; path = ScannerViewController.h; sourceTree = "<group>"; };
		61EDF79E157D466400DD2152 /* ScannerViewController.m */ = {isa = PBXFileReference; fileEncoding = 4; lastKnownFileType = sourcecode.c.objc; path = ScannerViewController.m; sourceTree = "<group>"; };
		61EDF79F157D466400DD2152 /* ScannerViewController.xib */ = {isa = PBXFileReference; fileEncoding = 4; lastKnownFileType = file.xib; path = ScannerViewController.xib; sourceTree = "<group>"; };
		61F01E7E157E4847007CF67E /* Ticket.h */ = {isa = PBXFileReference; fileEncoding = 4; lastKnownFileType = sourcecode.c.h; path = Ticket.h; sourceTree = "<group>"; };
		61F01E7F157E4847007CF67E /* Ticket.m */ = {isa = PBXFileReference; fileEncoding = 4; lastKnownFileType = sourcecode.c.objc; path = Ticket.m; sourceTree = "<group>"; };
/* End PBXFileReference section */

/* Begin PBXFrameworksBuildPhase section */
		61EDF72D157D1C0B00DD2152 /* Frameworks */ = {
			isa = PBXFrameworksBuildPhase;
			buildActionMask = 2147483647;
			files = (
				61E0659015F2433200BEAA0A /* Security.framework in Frameworks */,
				61E0658E15F2432D00BEAA0A /* SystemConfiguration.framework in Frameworks */,
				61E0658C15F2432000BEAA0A /* CFNetwork.framework in Frameworks */,
				614DD55815DFB7B400464577 /* AudioToolbox.framework in Frameworks */,
				61EDF768157D1C9100DD2152 /* QuartzCore.framework in Frameworks */,
				61EDF766157D1C8900DD2152 /* CoreVideo.framework in Frameworks */,
				61EDF764157D1C8000DD2152 /* CoreMedia.framework in Frameworks */,
				61EDF762157D1C7B00DD2152 /* AVFoundation.framework in Frameworks */,
				61EDF760157D1C6B00DD2152 /* libiconv.dylib in Frameworks */,
				61EDF735157D1C0B00DD2152 /* UIKit.framework in Frameworks */,
				61EDF737157D1C0B00DD2152 /* Foundation.framework in Frameworks */,
				61EDF739157D1C0B00DD2152 /* CoreGraphics.framework in Frameworks */,
				61EDF787157D1D4F00DD2152 /* libzbar.a in Frameworks */,
			);
			runOnlyForDeploymentPostprocessing = 0;
		};
/* End PBXFrameworksBuildPhase section */

/* Begin PBXGroup section */
		61E0655115F016AC00BEAA0A /* MKNetworkKit */ = {
			isa = PBXGroup;
			children = (
				61E0655215F016AC00BEAA0A /* Categories */,
				61E0655F15F016AC00BEAA0A /* MKNetworkEngine.h */,
				61E0656015F016AC00BEAA0A /* MKNetworkEngine.m */,
				61E0656115F016AC00BEAA0A /* MKNetworkKit.h */,
				61E0656215F016AC00BEAA0A /* MKNetworkOperation.h */,
				61E0656315F016AC00BEAA0A /* MKNetworkOperation.m */,
				61E0656415F016AC00BEAA0A /* Reachability */,
			);
			path = MKNetworkKit;
			sourceTree = "<group>";
		};
		61E0655215F016AC00BEAA0A /* Categories */ = {
			isa = PBXGroup;
			children = (
				61E0655315F016AC00BEAA0A /* NSAlert+MKNetworkKitAdditions.h */,
				61E0655415F016AC00BEAA0A /* NSAlert+MKNetworkKitAdditions.m */,
				61E0655515F016AC00BEAA0A /* NSData+Base64.h */,
				61E0655615F016AC00BEAA0A /* NSData+Base64.m */,
				61E0655715F016AC00BEAA0A /* NSDate+RFC1123.h */,
				61E0655815F016AC00BEAA0A /* NSDate+RFC1123.m */,
				61E0655915F016AC00BEAA0A /* NSDictionary+RequestEncoding.h */,
				61E0655A15F016AC00BEAA0A /* NSDictionary+RequestEncoding.m */,
				61E0655B15F016AC00BEAA0A /* NSString+MKNetworkKitAdditions.h */,
				61E0655C15F016AC00BEAA0A /* NSString+MKNetworkKitAdditions.m */,
				61E0655D15F016AC00BEAA0A /* UIAlertView+MKNetworkKitAdditions.h */,
				61E0655E15F016AC00BEAA0A /* UIAlertView+MKNetworkKitAdditions.m */,
			);
			path = Categories;
			sourceTree = "<group>";
		};
		61E0656415F016AC00BEAA0A /* Reachability */ = {
			isa = PBXGroup;
			children = (
				61E0656515F016AC00BEAA0A /* Reachability.h */,
				61E0656615F016AC00BEAA0A /* Reachability.m */,
			);
			path = Reachability;
			sourceTree = "<group>";
		};
		61EDF725157D1C0B00DD2152 = {
			isa = PBXGroup;
			children = (
				61EDF73A157D1C0C00DD2152 /* FasTcheckout */,
				61EDF733157D1C0B00DD2152 /* Frameworks */,
				61EDF731157D1C0B00DD2152 /* Products */,
			);
			sourceTree = "<group>";
		};
		61EDF731157D1C0B00DD2152 /* Products */ = {
			isa = PBXGroup;
			children = (
				61EDF730157D1C0B00DD2152 /* FasTcheckout.app */,
			);
			name = Products;
			sourceTree = "<group>";
		};
		61EDF733157D1C0B00DD2152 /* Frameworks */ = {
			isa = PBXGroup;
			children = (
				61E0655115F016AC00BEAA0A /* MKNetworkKit */,
				61EDF769157D1D4F00DD2152 /* ZBarSDK */,
				61E0658F15F2433200BEAA0A /* Security.framework */,
				61E0658D15F2432D00BEAA0A /* SystemConfiguration.framework */,
				61E0658B15F2431F00BEAA0A /* CFNetwork.framework */,
				614DD55715DFB7B400464577 /* AudioToolbox.framework */,
				61EDF767157D1C9100DD2152 /* QuartzCore.framework */,
				61EDF765157D1C8900DD2152 /* CoreVideo.framework */,
				61EDF763157D1C8000DD2152 /* CoreMedia.framework */,
				61EDF761157D1C7B00DD2152 /* AVFoundation.framework */,
				61EDF75F157D1C6B00DD2152 /* libiconv.dylib */,
				61EDF734157D1C0B00DD2152 /* UIKit.framework */,
				61EDF736157D1C0B00DD2152 /* Foundation.framework */,
				61EDF738157D1C0B00DD2152 /* CoreGraphics.framework */,
			);
			name = Frameworks;
			sourceTree = "<group>";
		};
		61EDF73A157D1C0C00DD2152 /* FasTcheckout */ = {
			isa = PBXGroup;
			children = (
				61EDF743157D1C0C00DD2152 /* AppDelegate.h */,
				61EDF744157D1C0C00DD2152 /* AppDelegate.m */,
				6145C07E15DD685800074537 /* Order.h */,
				6145C07F15DD685800074537 /* Order.m */,
				61F01E7E157E4847007CF67E /* Ticket.h */,
				61F01E7F157E4847007CF67E /* Ticket.m */,
				61EDF79D157D466400DD2152 /* ScannerViewController.h */,
				61EDF79E157D466400DD2152 /* ScannerViewController.m */,
				61EDF79F157D466400DD2152 /* ScannerViewController.xib */,
				614DD55915DFBB7500464577 /* BarScannerViewController.h */,
				614DD55A15DFBB7500464577 /* BarScannerViewController.m */,
				6145C0B815DE790F00074537 /* TicketsTableViewController.h */,
				6145C0B915DE790F00074537 /* TicketsTableViewController.m */,
				6145C0C015DE7AFB00074537 /* TicketsTableViewCell.h */,
				6145C0C115DE7AFB00074537 /* TicketsTableViewCell.m */,
				6131977515DE95A000B9C0ED /* OrdersTableViewController.h */,
				6131977615DE95A000B9C0ED /* OrdersTableViewController.m */,
				6131977915DE968F00B9C0ED /* OrdersTableViewCell.h */,
				6131977A15DE968F00B9C0ED /* OrdersTableViewCell.m */,
				6145C08715DD777700074537 /* OrderStore.h */,
				6145C08815DD777700074537 /* OrderStore.m */,
				61E0650815E7B74500BEAA0A /* APIManager.h */,
				61E0650915E7B74500BEAA0A /* APIManager.m */,
				61E0650C15E7C74B00BEAA0A /* APIRequest.h */,
				61E0650D15E7C74B00BEAA0A /* APIRequest.m */,
				61EDF73B157D1C0C00DD2152 /* Supporting Files */,
			);
			name = FasTcheckout;
			path = /Users/albi/Dev/FasTcheckout/FasTcheckout;
			sourceTree = "<absolute>";
		};
		61EDF73B157D1C0C00DD2152 /* Supporting Files */ = {
			isa = PBXGroup;
			children = (
				61EDF73C157D1C0C00DD2152 /* FasTcheckout-Info.plist */,
				61EDF740157D1C0C00DD2152 /* main.m */,
				61EDF742157D1C0C00DD2152 /* FasTcheckout-Prefix.pch */,
			);
			name = "Supporting Files";
			sourceTree = "<group>";
		};
		61EDF769157D1D4F00DD2152 /* ZBarSDK */ = {
			isa = PBXGroup;
			children = (
				61EDF76A157D1D4F00DD2152 /* Headers */,
				61EDF781157D1D4F00DD2152 /* libzbar.a */,
			);
			path = ZBarSDK;
			sourceTree = "<group>";
		};
		61EDF76A157D1D4F00DD2152 /* Headers */ = {
			isa = PBXGroup;
			children = (
				61EDF76B157D1D4F00DD2152 /* ZBarSDK */,
			);
			path = Headers;
			sourceTree = "<group>";
		};
		61EDF76B157D1D4F00DD2152 /* ZBarSDK */ = {
			isa = PBXGroup;
			children = (
				61EDF76C157D1D4F00DD2152 /* zbar */,
				61EDF776157D1D4F00DD2152 /* zbar.h */,
				61EDF777157D1D4F00DD2152 /* ZBarCameraSimulator.h */,
				61EDF778157D1D4F00DD2152 /* ZBarCaptureReader.h */,
				61EDF779157D1D4F00DD2152 /* ZBarHelpController.h */,
				61EDF77A157D1D4F00DD2152 /* ZBarImage.h */,
				61EDF77B157D1D4F00DD2152 /* ZBarImageScanner.h */,
				61EDF77C157D1D4F00DD2152 /* ZBarReaderController.h */,
				61EDF77D157D1D4F00DD2152 /* ZBarReaderView.h */,
				61EDF77E157D1D4F00DD2152 /* ZBarReaderViewController.h */,
				61EDF77F157D1D4F00DD2152 /* ZBarSDK.h */,
				61EDF780157D1D4F00DD2152 /* ZBarSymbol.h */,
			);
			path = ZBarSDK;
			sourceTree = "<group>";
		};
		61EDF76C157D1D4F00DD2152 /* zbar */ = {
			isa = PBXGroup;
			children = (
				61EDF76D157D1D4F00DD2152 /* Decoder.h */,
				61EDF76E157D1D4F00DD2152 /* Exception.h */,
				61EDF76F157D1D4F00DD2152 /* Image.h */,
				61EDF770157D1D4F00DD2152 /* ImageScanner.h */,
				61EDF771157D1D4F00DD2152 /* Processor.h */,
				61EDF772157D1D4F00DD2152 /* Scanner.h */,
				61EDF773157D1D4F00DD2152 /* Symbol.h */,
				61EDF774157D1D4F00DD2152 /* Video.h */,
				61EDF775157D1D4F00DD2152 /* Window.h */,
			);
			path = zbar;
			sourceTree = "<group>";
		};
/* End PBXGroup section */

/* Begin PBXNativeTarget section */
		61EDF72F157D1C0B00DD2152 /* FasTcheckout */ = {
			isa = PBXNativeTarget;
			buildConfigurationList = 61EDF75C157D1C0C00DD2152 /* Build configuration list for PBXNativeTarget "FasTcheckout" */;
			buildPhases = (
				61EDF72C157D1C0B00DD2152 /* Sources */,
				61EDF72D157D1C0B00DD2152 /* Frameworks */,
				61EDF72E157D1C0B00DD2152 /* Resources */,
			);
			buildRules = (
			);
			dependencies = (
			);
			name = FasTcheckout;
			productName = FasTcheckout;
			productReference = 61EDF730157D1C0B00DD2152 /* FasTcheckout.app */;
			productType = "com.apple.product-type.application";
		};
/* End PBXNativeTarget section */

/* Begin PBXProject section */
		61EDF727157D1C0B00DD2152 /* Project object */ = {
			isa = PBXProject;
			attributes = {
				LastUpgradeCheck = 0430;
				ORGANIZATIONNAME = Albisigns;
			};
			buildConfigurationList = 61EDF72A157D1C0B00DD2152 /* Build configuration list for PBXProject "FasTcheckout" */;
			compatibilityVersion = "Xcode 3.2";
			developmentRegion = English;
			hasScannedForEncodings = 0;
			knownRegions = (
				en,
			);
			mainGroup = 61EDF725157D1C0B00DD2152;
			productRefGroup = 61EDF731157D1C0B00DD2152 /* Products */;
			projectDirPath = "";
			projectRoot = "";
			targets = (
				61EDF72F157D1C0B00DD2152 /* FasTcheckout */,
			);
		};
/* End PBXProject section */

/* Begin PBXResourcesBuildPhase section */
		61EDF72E157D1C0B00DD2152 /* Resources */ = {
			isa = PBXResourcesBuildPhase;
			buildActionMask = 2147483647;
			files = (
				61EDF7A1157D466500DD2152 /* ScannerViewController.xib in Resources */,
			);
			runOnlyForDeploymentPostprocessing = 0;
		};
/* End PBXResourcesBuildPhase section */

/* Begin PBXSourcesBuildPhase section */
		61EDF72C157D1C0B00DD2152 /* Sources */ = {
			isa = PBXSourcesBuildPhase;
			buildActionMask = 2147483647;
			files = (
				61EDF741157D1C0C00DD2152 /* main.m in Sources */,
				61EDF745157D1C0C00DD2152 /* AppDelegate.m in Sources */,
				61EDF7A0157D466500DD2152 /* ScannerViewController.m in Sources */,
				61F01E80157E4847007CF67E /* Ticket.m in Sources */,
				6145C08015DD685800074537 /* Order.m in Sources */,
				6145C08915DD777700074537 /* OrderStore.m in Sources */,
				6145C0BA15DE790F00074537 /* TicketsTableViewController.m in Sources */,
				6145C0C215DE7AFB00074537 /* TicketsTableViewCell.m in Sources */,
				6131977715DE95A000B9C0ED /* OrdersTableViewController.m in Sources */,
				6131977B15DE968F00B9C0ED /* OrdersTableViewCell.m in Sources */,
				614DD55B15DFBB7500464577 /* BarScannerViewController.m in Sources */,
				61E0650A15E7B74500BEAA0A /* APIManager.m in Sources */,
				61E0650E15E7C74B00BEAA0A /* APIRequest.m in Sources */,
				61E0656715F016AC00BEAA0A /* NSAlert+MKNetworkKitAdditions.m in Sources */,
				61E0656815F016AC00BEAA0A /* NSData+Base64.m in Sources */,
				61E0656915F016AC00BEAA0A /* NSDate+RFC1123.m in Sources */,
				61E0656A15F016AC00BEAA0A /* NSDictionary+RequestEncoding.m in Sources */,
				61E0656B15F016AC00BEAA0A /* NSString+MKNetworkKitAdditions.m in Sources */,
				61E0656C15F016AC00BEAA0A /* UIAlertView+MKNetworkKitAdditions.m in Sources */,
				61E0656D15F016AC00BEAA0A /* MKNetworkEngine.m in Sources */,
				61E0656E15F016AC00BEAA0A /* MKNetworkOperation.m in Sources */,
				61E0656F15F016AC00BEAA0A /* Reachability.m in Sources */,
			);
			runOnlyForDeploymentPostprocessing = 0;
		};
/* End PBXSourcesBuildPhase section */

/* Begin XCBuildConfiguration section */
		61EDF75A157D1C0C00DD2152 /* Debug */ = {
			isa = XCBuildConfiguration;
			buildSettings = {
				ALWAYS_SEARCH_USER_PATHS = NO;
				ARCHS = "$(ARCHS_STANDARD_32_BIT)";
				CLANG_WARN_OBJCPP_ARC_ABI = NO;
				"CODE_SIGN_IDENTITY[sdk=iphoneos*]" = "iPhone Developer";
				COPY_PHASE_STRIP = NO;
				GCC_C_LANGUAGE_STANDARD = gnu99;
				GCC_DYNAMIC_NO_PIC = NO;
				GCC_OPTIMIZATION_LEVEL = 0;
				GCC_PREPROCESSOR_DEFINITIONS = (
					"DEBUG=1",
					"FAST_API_URL='@\"https://theater-kaisersesch.de\"'",
					"$(inherited)",
				);
				GCC_SYMBOLS_PRIVATE_EXTERN = NO;
				GCC_VERSION = com.apple.compilers.llvm.clang.1_0;
				GCC_WARN_ABOUT_RETURN_TYPE = YES;
				GCC_WARN_UNINITIALIZED_AUTOS = YES;
				GCC_WARN_UNUSED_VARIABLE = YES;
				IPHONEOS_DEPLOYMENT_TARGET = 5.0;
				SDKROOT = iphoneos;
			};
			name = Debug;
		};
		61EDF75B157D1C0C00DD2152 /* Release */ = {
			isa = XCBuildConfiguration;
			buildSettings = {
				ALWAYS_SEARCH_USER_PATHS = NO;
				ARCHS = "$(ARCHS_STANDARD_32_BIT)";
				CLANG_WARN_OBJCPP_ARC_ABI = NO;
				"CODE_SIGN_IDENTITY[sdk=iphoneos*]" = "iPhone Developer";
				COPY_PHASE_STRIP = YES;
				GCC_C_LANGUAGE_STANDARD = gnu99;
				GCC_PREPROCESSOR_DEFINITIONS = "FAST_API_URL='@\"https://theater-kaisersesch.de\"'";
				GCC_VERSION = com.apple.compilers.llvm.clang.1_0;
				GCC_WARN_ABOUT_RETURN_TYPE = YES;
				GCC_WARN_UNINITIALIZED_AUTOS = YES;
				GCC_WARN_UNUSED_VARIABLE = YES;
				IPHONEOS_DEPLOYMENT_TARGET = 5.0;
				OTHER_CFLAGS = "-DNS_BLOCK_ASSERTIONS=1";
				SDKROOT = iphoneos;
				VALIDATE_PRODUCT = YES;
			};
			name = Release;
		};
		61EDF75D157D1C0C00DD2152 /* Debug */ = {
			isa = XCBuildConfiguration;
			buildSettings = {
				GCC_PRECOMPILE_PREFIX_HEADER = YES;
				GCC_PREFIX_HEADER = "FasTcheckout/FasTcheckout-Prefix.pch";
				INFOPLIST_FILE = "FasTcheckout/FasTcheckout-Info.plist";
				IPHONEOS_DEPLOYMENT_TARGET = 5.0;
				LIBRARY_SEARCH_PATHS = (
					"$(inherited)",
					"\"$(SRCROOT)/ZBarSDK\"",
				);
				PRODUCT_NAME = "$(TARGET_NAME)";
				WRAPPER_EXTENSION = app;
			};
			name = Debug;
		};
		61EDF75E157D1C0C00DD2152 /* Release */ = {
			isa = XCBuildConfiguration;
			buildSettings = {
				GCC_PRECOMPILE_PREFIX_HEADER = YES;
				GCC_PREFIX_HEADER = "FasTcheckout/FasTcheckout-Prefix.pch";
				INFOPLIST_FILE = "FasTcheckout/FasTcheckout-Info.plist";
				IPHONEOS_DEPLOYMENT_TARGET = 5.0;
				LIBRARY_SEARCH_PATHS = (
					"$(inherited)",
					"\"$(SRCROOT)/ZBarSDK\"",
				);
				PRODUCT_NAME = "$(TARGET_NAME)";
				WRAPPER_EXTENSION = app;
			};
			name = Release;
		};
/* End XCBuildConfiguration section */

/* Begin XCConfigurationList section */
		61EDF72A157D1C0B00DD2152 /* Build configuration list for PBXProject "FasTcheckout" */ = {
			isa = XCConfigurationList;
			buildConfigurations = (
				61EDF75A157D1C0C00DD2152 /* Debug */,
				61EDF75B157D1C0C00DD2152 /* Release */,
			);
			defaultConfigurationIsVisible = 0;
			defaultConfigurationName = Release;
		};
		61EDF75C157D1C0C00DD2152 /* Build configuration list for PBXNativeTarget "FasTcheckout" */ = {
			isa = XCConfigurationList;
			buildConfigurations = (
				61EDF75D157D1C0C00DD2152 /* Debug */,
				61EDF75E157D1C0C00DD2152 /* Release */,
			);
			defaultConfigurationIsVisible = 0;
			defaultConfigurationName = Release;
		};
/* End XCConfigurationList section */
	};
	rootObject = 61EDF727157D1C0B00DD2152 /* Project object */;
}
